
Microsoft Visual Studio Solution File, Format Version 12.00
# Visual Studio Version 16
VisualStudioVersion = 16.0.31702.278
MinimumVisualStudioVersion = 10.0.40219.1
Project("{9A19103F-16F7-4668-BE54-9A1E7A4F7556}") = "pz_5", "pz_5\pz_5.csproj", "{6DCBAE33-7DB8-4582-9F86-7C919137451E}"
EndProject
Project("{9A19103F-16F7-4668-BE54-9A1E7A4F7556}") = "pz_6", "pz_6\pz_6.csproj", "{4E64958D-2147-449B-A330-C758BC617BFE}"
EndProject
Project("{9A19103F-16F7-4668-BE54-9A1E7A4F7556}") = "pz_8", "pz_8\pz_8.csproj", "{DD35F1EF-AF12-4F43-8B40-41AADC37259B}"
EndProject
Project("{9A19103F-16F7-4668-BE54-9A1E7A4F7556}") = "pz_9", "pz_9\pz_9.csproj", "{4A70F4F4-04C1-4859-9188-818A3A8F8E42}"
EndProject
Project("{9A19103F-16F7-4668-BE54-9A1E7A4F7556}") = "pz_10", "pz_10\pz_10.csproj", "{03A68C81-63DB-41BF-8C39-D12C6B82399E}"
EndProject
Project("{9A19103F-16F7-4668-BE54-9A1E7A4F7556}") = "пз11голушко2пк2", "пз11голушко2пк2\пз11голушко2пк2.csproj", "{9FDD1CDD-13DE-4DB0-839D-807DC09F9231}"
EndProject
Project("{9A19103F-16F7-4668-BE54-9A1E7A4F7556}") = "pz12golushko2pk2", "pz12golushko2pk2\pz12golushko2pk2.csproj", "{D6B49C07-031D-4DDA-B012-4EAA932883A4}"
EndProject
Project("{FAE04EC0-301F-11D3-BF4B-00C04F79EFBC}") = "пз13", "пз13\пз13.csproj", "{AF0AFF78-3B5F-44C8-A2F4-0F186F3D08E6}"
EndProject
Global
	GlobalSection(SolutionConfigurationPlatforms) = preSolution
		Debug|Any CPU = Debug|Any CPU
		Release|Any CPU = Release|Any CPU
	EndGlobalSection
	GlobalSection(ProjectConfigurationPlatforms) = postSolution
		{6DCBAE33-7DB8-4582-9F86-7C919137451E}.Debug|Any CPU.ActiveCfg = Debug|Any CPU
		{6DCBAE33-7DB8-4582-9F86-7C919137451E}.Debug|Any CPU.Build.0 = Debug|Any CPU
		{6DCBAE33-7DB8-4582-9F86-7C919137451E}.Release|Any CPU.ActiveCfg = Release|Any CPU
		{6DCBAE33-7DB8-4582-9F86-7C919137451E}.Release|Any CPU.Build.0 = Release|Any CPU
		{4E64958D-2147-449B-A330-C758BC617BFE}.Debug|Any CPU.ActiveCfg = Debug|Any CPU
		{4E64958D-2147-449B-A330-C758BC617BFE}.Debug|Any CPU.Build.0 = Debug|Any CPU
		{4E64958D-2147-449B-A330-C758BC617BFE}.Release|Any CPU.ActiveCfg = Release|Any CPU
		{4E64958D-2147-449B-A330-C758BC617BFE}.Release|Any CPU.Build.0 = Release|Any CPU
		{DD35F1EF-AF12-4F43-8B40-41AADC37259B}.Debug|Any CPU.ActiveCfg = Debug|Any CPU
		{DD35F1EF-AF12-4F43-8B40-41AADC37259B}.Debug|Any CPU.Build.0 = Debug|Any CPU
		{DD35F1EF-AF12-4F43-8B40-41AADC37259B}.Release|Any CPU.ActiveCfg = Release|Any CPU
		{DD35F1EF-AF12-4F43-8B40-41AADC37259B}.Release|Any CPU.Build.0 = Release|Any CPU
		{4A70F4F4-04C1-4859-9188-818A3A8F8E42}.Debug|Any CPU.ActiveCfg = Debug|Any CPU
		{4A70F4F4-04C1-4859-9188-818A3A8F8E42}.Debug|Any CPU.Build.0 = Debug|Any CPU
		{4A70F4F4-04C1-4859-9188-818A3A8F8E42}.Release|Any CPU.ActiveCfg = Release|Any CPU
		{4A70F4F4-04C1-4859-9188-818A3A8F8E42}.Release|Any CPU.Build.0 = Release|Any CPU
		{03A68C81-63DB-41BF-8C39-D12C6B82399E}.Debug|Any CPU.ActiveCfg = Debug|Any CPU
		{03A68C81-63DB-41BF-8C39-D12C6B82399E}.Debug|Any CPU.Build.0 = Debug|Any CPU
		{03A68C81-63DB-41BF-8C39-D12C6B82399E}.Release|Any CPU.ActiveCfg = Release|Any CPU
		{03A68C81-63DB-41BF-8C39-D12C6B82399E}.Release|Any CPU.Build.0 = Release|Any CPU
		{9FDD1CDD-13DE-4DB0-839D-807DC09F9231}.Debug|Any CPU.ActiveCfg = Debug|Any CPU
		{9FDD1CDD-13DE-4DB0-839D-807DC09F9231}.Debug|Any CPU.Build.0 = Debug|Any CPU
		{9FDD1CDD-13DE-4DB0-839D-807DC09F9231}.Release|Any CPU.ActiveCfg = Release|Any CPU
		{9FDD1CDD-13DE-4DB0-839D-807DC09F9231}.Release|Any CPU.Build.0 = Release|Any CPU
		{D6B49C07-031D-4DDA-B012-4EAA932883A4}.Debug|Any CPU.ActiveCfg = Debug|Any CPU
		{D6B49C07-031D-4DDA-B012-4EAA932883A4}.Debug|Any CPU.Build.0 = Debug|Any CPU
		{D6B49C07-031D-4DDA-B012-4EAA932883A4}.Release|Any CPU.ActiveCfg = Release|Any CPU
		{D6B49C07-031D-4DDA-B012-4EAA932883A4}.Release|Any CPU.Build.0 = Release|Any CPU
		{AF0AFF78-3B5F-44C8-A2F4-0F186F3D08E6}.Debug|Any CPU.ActiveCfg = Debug|Any CPU
		{AF0AFF78-3B5F-44C8-A2F4-0F186F3D08E6}.Debug|Any CPU.Build.0 = Debug|Any CPU
		{AF0AFF78-3B5F-44C8-A2F4-0F186F3D08E6}.Release|Any CPU.ActiveCfg = Release|Any CPU
		{AF0AFF78-3B5F-44C8-A2F4-0F186F3D08E6}.Release|Any CPU.Build.0 = Release|Any CPU
	EndGlobalSection
	GlobalSection(SolutionProperties) = preSolution
		HideSolutionNode = FALSE
	EndGlobalSection
	GlobalSection(ExtensibilityGlobals) = postSolution
		SolutionGuid = {7E74C04D-11CF-4D4B-9A1C-07A9CFE74CAD}
	EndGlobalSection
EndGlobal
